{
    "_readme": [
        "This file locks the dependencies of your project to a known state",
        "Read more about it at https://getcomposer.org/doc/01-basic-usage.md#installing-dependencies",
        "This file is @generated automatically"
    ],
    "content-hash": "2d42ffa16f6b87effacf77e04013abe2",
    "packages": [
        {
            "name": "symfony/flex",
            "version": "v2.2.3",
            "source": {
                "type": "git",
                "url": "https://github.com/symfony/flex.git",
                "reference": "0763da1bdcce1d48c06778d48249905c26d34a72"
            },
            "dist": {
                "type": "zip",
                "url": "https://api.github.com/repos/symfony/flex/zipball/0763da1bdcce1d48c06778d48249905c26d34a72",
                "reference": "0763da1bdcce1d48c06778d48249905c26d34a72",
                "shasum": ""
            },
            "require": {
                "composer-plugin-api": "^2.1",
                "php": ">=8.0"
            },
            "require-dev": {
                "composer/composer": "^2.1",
                "symfony/dotenv": "^5.4|^6.0",
                "symfony/filesystem": "^5.4|^6.0",
                "symfony/phpunit-bridge": "^5.4|^6.0",
                "symfony/process": "^5.4|^6.0"
            },
            "type": "composer-plugin",
            "extra": {
                "class": "Symfony\\Flex\\Flex"
            },
            "autoload": {
                "psr-4": {
                    "Symfony\\Flex\\": "src"
                }
            },
            "notification-url": "https://packagist.org/downloads/",
            "license": [
                "MIT"
            ],
            "authors": [
                {
                    "name": "Fabien Potencier",
                    "email": "fabien.potencier@gmail.com"
                }
            ],
            "description": "Composer plugin for Symfony",
            "support": {
                "issues": "https://github.com/symfony/flex/issues",
                "source": "https://github.com/symfony/flex/tree/v2.2.3"
            },
            "funding": [
                {
                    "url": "https://symfony.com/sponsor",
                    "type": "custom"
                },
                {
                    "url": "https://github.com/fabpot",
                    "type": "github"
                },
                {
                    "url": "https://tidelift.com/funding/github/packagist/symfony/symfony",
                    "type": "tidelift"
                }
            ],
            "time": "2022-08-07T09:39:47+00:00"
        },
        {
            "name": "uvdesk/composer-plugin",
            "version": "v1.1.0",
            "source": {
                "type": "git",
                "url": "https://github.com/uvdesk/composer-plugin.git",
                "reference": "c6e64a4701873fe9ae3e846f0b148ea5f799a6da"
            },
            "dist": {
                "type": "zip",
                "url": "https://api.github.com/repos/uvdesk/composer-plugin/zipball/c6e64a4701873fe9ae3e846f0b148ea5f799a6da",
                "reference": "c6e64a4701873fe9ae3e846f0b148ea5f799a6da",
                "shasum": ""
            },
            "require": {
                "composer-plugin-api": "^2.0",
                "php": "^7.2.5 || ^8.0"
            },
            "require-dev": {
                "composer/composer": "^2.0"
            },
            "type": "composer-plugin",
            "extra": {
                "class": "Webkul\\UVDesk\\PackageManager\\Manager",
                "branch-alias": {
                    "dev-master": "1.1.x-dev"
                }
            },
            "autoload": {
                "psr-4": {
                    "Webkul\\UVDesk\\PackageManager\\": "lib/"
                }
            },
            "notification-url": "https://packagist.org/downloads/",
            "license": [
                "MIT"
            ],
            "authors": [
                {
                    "name": "Akshay Kumar",
                    "email": "akshay.kumar758@webkul.com"
                }
            ],
            "description": "Generic purpose composer plugin to auto-configure your packages",
            "support": {
                "issues": "https://github.com/uvdesk/composer-plugin/issues",
                "source": "https://github.com/uvdesk/composer-plugin/tree/v1.1.0"
            },
            "time": "2022-03-21T13:54:40+00:00"
        }
    ],
    "packages-dev": [],
    "aliases": [],
    "minimum-stability": "dev",
    "stability-flags": [],
    "prefer-stable": true,
    "prefer-lowest": false,
    "platform": {
        "php": "^7.2.5 || ^8.0",
        "ext-ctype": "*",
        "ext-iconv": "*"
    },
    "platform-dev": [],
    "plugin-api-version": "2.3.0"
}
